
Microsoft Visual Studio Solution File, Format Version 12.00
# Visual Studio 15
VisualStudioVersion = 15.0.28307.1145
MinimumVisualStudioVersion = 10.0.40219.1
Project("{8BC9CEB8-8B4A-11D0-8D11-00A0C91BC942}") = "BCTC", "BCTC\BCTC.vcxproj", "{12182F69-E972-4B47-B1D4-AFCB75C3685C}"
EndProject
Global
	GlobalSection(SolutionConfigurationPlatforms) = preSolution
		Debug|x86 = Debug|x86
		Release|x86 = Release|x86
	EndGlobalSection
	GlobalSection(ProjectConfigurationPlatforms) = postSolution
		{12182F69-E972-4B47-B1D4-AFCB75C3685C}.Debug|x86.ActiveCfg = Debug|Win32
		{12182F69-E972-4B47-B1D4-AFCB75C3685C}.Debug|x86.Build.0 = Debug|Win32
		{12182F69-E972-4B47-B1D4-AFCB75C3685C}.Release|x86.ActiveCfg = Release|Win32
		{12182F69-E972-4B47-B1D4-AFCB75C3685C}.Release|x86.Build.0 = Release|Win32
	EndGlobalSection
	GlobalSection(SolutionProperties) = preSolution
		HideSolutionNode = FALSE
	EndGlobalSection
	GlobalSection(ExtensibilityGlobals) = postSolution
		SolutionGuid = {E726B5F5-1BA7-444A-BD47-11AEBE0C530C}
	EndGlobalSection
EndGlobal
