
Microsoft Visual Studio Solution File, Format Version 12.00
# Visual Studio 15
VisualStudioVersion = 15.0.28307.271
MinimumVisualStudioVersion = 10.0.40219.1
Project("{8BC9CEB8-8B4A-11D0-8D11-00A0C91BC942}") = "CaptureTool", "CaptureTool\CaptureTool.vcxproj", "{5FF320B8-B7B6-4C21-804C-3CDF7E4FBBFA}"
EndProject
Global
	GlobalSection(SolutionConfigurationPlatforms) = preSolution
		Debug|x86 = Debug|x86
		Release|x86 = Release|x86
	EndGlobalSection
	GlobalSection(ProjectConfigurationPlatforms) = postSolution
		{5FF320B8-B7B6-4C21-804C-3CDF7E4FBBFA}.Debug|x86.ActiveCfg = Debug|Win32
		{5FF320B8-B7B6-4C21-804C-3CDF7E4FBBFA}.Debug|x86.Build.0 = Debug|Win32
		{5FF320B8-B7B6-4C21-804C-3CDF7E4FBBFA}.Release|x86.ActiveCfg = Release|Win32
		{5FF320B8-B7B6-4C21-804C-3CDF7E4FBBFA}.Release|x86.Build.0 = Release|Win32
	EndGlobalSection
	GlobalSection(SolutionProperties) = preSolution
		HideSolutionNode = FALSE
	EndGlobalSection
	GlobalSection(ExtensibilityGlobals) = postSolution
		SolutionGuid = {501A06B7-509B-4D10-BD52-E4A64E01E455}
	EndGlobalSection
EndGlobal
